// !$*UTF8*$!
{
	archiveVersion = 1;
	classes = {
	};
	objectVersion = 56;
	objects = {

/* Begin PBXBuildFile section */
		A77B25452BF62E6800999778 /* CoreLocation+Extension.swift in Sources */ = {isa = PBXBuildFile; fileRef = A77B25442BF62E6800999778 /* CoreLocation+Extension.swift */; };
		A77B25472BF62ED900999778 /* MapViewModel.swift in Sources */ = {isa = PBXBuildFile; fileRef = A77B25462BF62ED900999778 /* MapViewModel.swift */; };
		A77B254A2BF632C900999778 /* LandingView.swift in Sources */ = {isa = PBXBuildFile; fileRef = A77B25492BF632C900999778 /* LandingView.swift */; };
		A77B254D2BFC9F5D00999778 /* Color+Extension.swift in Sources */ = {isa = PBXBuildFile; fileRef = A77B254C2BFC9F5D00999778 /* Color+Extension.swift */; };
		A77B25522BFCA6A400999778 /* HorizontalButton.swift in Sources */ = {isa = PBXBuildFile; fileRef = A77B25512BFCA6A400999778 /* HorizontalButton.swift */; };
		A77B25552BFCB18400999778 /* ReportFormView.swift in Sources */ = {isa = PBXBuildFile; fileRef = A77B25542BFCB18400999778 /* ReportFormView.swift */; };
		A7C43CAC2BFE2DCA0043214C /* CameraManager.swift in Sources */ = {isa = PBXBuildFile; fileRef = A7C43CAB2BFE2DCA0043214C /* CameraManager.swift */; };
		A7C43CAE2BFE300F0043214C /* ImagePicker.swift in Sources */ = {isa = PBXBuildFile; fileRef = A7C43CAD2BFE300F0043214C /* ImagePicker.swift */; };
		A7E1422C2BF4A87100326FA6 /* ImprovingSpacesAppApp.swift in Sources */ = {isa = PBXBuildFile; fileRef = A7E1422B2BF4A87100326FA6 /* ImprovingSpacesAppApp.swift */; };
		A7E1422E2BF4A87100326FA6 /* ContentView.swift in Sources */ = {isa = PBXBuildFile; fileRef = A7E1422D2BF4A87100326FA6 /* ContentView.swift */; };
		A7E142302BF4A87300326FA6 /* Assets.xcassets in Resources */ = {isa = PBXBuildFile; fileRef = A7E1422F2BF4A87300326FA6 /* Assets.xcassets */; };
		A7E142332BF4A87300326FA6 /* Preview Assets.xcassets in Resources */ = {isa = PBXBuildFile; fileRef = A7E142322BF4A87300326FA6 /* Preview Assets.xcassets */; };
		A7E1423A2BF4D44F00326FA6 /* MapView.swift in Sources */ = {isa = PBXBuildFile; fileRef = A7E142392BF4D44F00326FA6 /* MapView.swift */; };
		A7E1423D2BF4F50B00326FA6 /* LocationPermissionManager.swift in Sources */ = {isa = PBXBuildFile; fileRef = A7E1423C2BF4F50B00326FA6 /* LocationPermissionManager.swift */; };
/* End PBXBuildFile section */

/* Begin PBXFileReference section */
		A77B25442BF62E6800999778 /* CoreLocation+Extension.swift */ = {isa = PBXFileReference; lastKnownFileType = sourcecode.swift; path = "CoreLocation+Extension.swift"; sourceTree = "<group>"; };
		A77B25462BF62ED900999778 /* MapViewModel.swift */ = {isa = PBXFileReference; lastKnownFileType = sourcecode.swift; path = MapViewModel.swift; sourceTree = "<group>"; };
		A77B25492BF632C900999778 /* LandingView.swift */ = {isa = PBXFileReference; lastKnownFileType = sourcecode.swift; path = LandingView.swift; sourceTree = "<group>"; };
		A77B254C2BFC9F5D00999778 /* Color+Extension.swift */ = {isa = PBXFileReference; lastKnownFileType = sourcecode.swift; path = "Color+Extension.swift"; sourceTree = "<group>"; };
		A77B25512BFCA6A400999778 /* HorizontalButton.swift */ = {isa = PBXFileReference; lastKnownFileType = sourcecode.swift; path = HorizontalButton.swift; sourceTree = "<group>"; };
		A77B25542BFCB18400999778 /* ReportFormView.swift */ = {isa = PBXFileReference; lastKnownFileType = sourcecode.swift; path = ReportFormView.swift; sourceTree = "<group>"; };
		A7C43CAB2BFE2DCA0043214C /* CameraManager.swift */ = {isa = PBXFileReference; lastKnownFileType = sourcecode.swift; path = CameraManager.swift; sourceTree = "<group>"; };
		A7C43CAD2BFE300F0043214C /* ImagePicker.swift */ = {isa = PBXFileReference; lastKnownFileType = sourcecode.swift; path = ImagePicker.swift; sourceTree = "<group>"; };
		A7E142282BF4A87100326FA6 /* ImprovingSpacesApp.app */ = {isa = PBXFileReference; explicitFileType = wrapper.application; includeInIndex = 0; path = ImprovingSpacesApp.app; sourceTree = BUILT_PRODUCTS_DIR; };
		A7E1422B2BF4A87100326FA6 /* ImprovingSpacesAppApp.swift */ = {isa = PBXFileReference; lastKnownFileType = sourcecode.swift; path = ImprovingSpacesAppApp.swift; sourceTree = "<group>"; };
		A7E1422D2BF4A87100326FA6 /* ContentView.swift */ = {isa = PBXFileReference; lastKnownFileType = sourcecode.swift; path = ContentView.swift; sourceTree = "<group>"; };
		A7E1422F2BF4A87300326FA6 /* Assets.xcassets */ = {isa = PBXFileReference; lastKnownFileType = folder.assetcatalog; path = Assets.xcassets; sourceTree = "<group>"; };
		A7E142322BF4A87300326FA6 /* Preview Assets.xcassets */ = {isa = PBXFileReference; lastKnownFileType = folder.assetcatalog; path = "Preview Assets.xcassets"; sourceTree = "<group>"; };
		A7E142392BF4D44F00326FA6 /* MapView.swift */ = {isa = PBXFileReference; lastKnownFileType = sourcecode.swift; path = MapView.swift; sourceTree = "<group>"; };
		A7E1423C2BF4F50B00326FA6 /* LocationPermissionManager.swift */ = {isa = PBXFileReference; lastKnownFileType = sourcecode.swift; path = LocationPermissionManager.swift; sourceTree = "<group>"; };
/* End PBXFileReference section */

/* Begin PBXFrameworksBuildPhase section */
		A7E142252BF4A87100326FA6 /* Frameworks */ = {
			isa = PBXFrameworksBuildPhase;
			buildActionMask = 2147483647;
			files = (
			);
			runOnlyForDeploymentPostprocessing = 0;
		};
/* End PBXFrameworksBuildPhase section */

/* Begin PBXGroup section */
		A77B25422BF62E0E00999778 /* MapView */ = {
			isa = PBXGroup;
			children = (
				A7E142392BF4D44F00326FA6 /* MapView.swift */,
				A77B25462BF62ED900999778 /* MapViewModel.swift */,
			);
			path = MapView;
			sourceTree = "<group>";
		};
		A77B25432BF62E3400999778 /* Extensions */ = {
			isa = PBXGroup;
			children = (
				A77B25442BF62E6800999778 /* CoreLocation+Extension.swift */,
				A77B254C2BFC9F5D00999778 /* Color+Extension.swift */,
			);
			path = Extensions;
			sourceTree = "<group>";
		};
		A77B25482BF6329D00999778 /* LandingView */ = {
			isa = PBXGroup;
			children = (
				A77B25492BF632C900999778 /* LandingView.swift */,
			);
			path = LandingView;
			sourceTree = "<group>";
		};
		A77B254E2BFCA65900999778 /* Views */ = {
			isa = PBXGroup;
			children = (
				A77B25512BFCA6A400999778 /* HorizontalButton.swift */,
			);
			path = Views;
			sourceTree = "<group>";
		};
		A77B25532BFCB03F00999778 /* ReportFormView */ = {
			isa = PBXGroup;
			children = (
				A77B25542BFCB18400999778 /* ReportFormView.swift */,
			);
			path = ReportFormView;
			sourceTree = "<group>";
		};
		A7E1421F2BF4A87000326FA6 = {
			isa = PBXGroup;
			children = (
				A7C43CAD2BFE300F0043214C /* ImagePicker.swift */,
				A7E1422A2BF4A87100326FA6 /* ImprovingSpacesApp */,
				A7E142292BF4A87100326FA6 /* Products */,
			);
			sourceTree = "<group>";
		};
		A7E142292BF4A87100326FA6 /* Products */ = {
			isa = PBXGroup;
			children = (
				A7E142282BF4A87100326FA6 /* ImprovingSpacesApp.app */,
			);
			name = Products;
			sourceTree = "<group>";
		};
		A7E1422A2BF4A87100326FA6 /* ImprovingSpacesApp */ = {
			isa = PBXGroup;
			children = (
				A77B25532BFCB03F00999778 /* ReportFormView */,
				A77B254E2BFCA65900999778 /* Views */,
				A77B25482BF6329D00999778 /* LandingView */,
				A77B25422BF62E0E00999778 /* MapView */,
				A77B25432BF62E3400999778 /* Extensions */,
				A7E1423B2BF4F4EA00326FA6 /* Managers */,
				A7E1422B2BF4A87100326FA6 /* ImprovingSpacesAppApp.swift */,
				A7E1422D2BF4A87100326FA6 /* ContentView.swift */,
				A7E1422F2BF4A87300326FA6 /* Assets.xcassets */,
				A7E142312BF4A87300326FA6 /* Preview Content */,
			);
			path = ImprovingSpacesApp;
			sourceTree = "<group>";
		};
		A7E142312BF4A87300326FA6 /* Preview Content */ = {
			isa = PBXGroup;
			children = (
				A7E142322BF4A87300326FA6 /* Preview Assets.xcassets */,
			);
			path = "Preview Content";
			sourceTree = "<group>";
		};
		A7E1423B2BF4F4EA00326FA6 /* Managers */ = {
			isa = PBXGroup;
			children = (
				A7E1423C2BF4F50B00326FA6 /* LocationPermissionManager.swift */,
				A7C43CAB2BFE2DCA0043214C /* CameraManager.swift */,
			);
			path = Managers;
			sourceTree = "<group>";
		};
/* End PBXGroup section */

/* Begin PBXNativeTarget section */
		A7E142272BF4A87100326FA6 /* ImprovingSpacesApp */ = {
			isa = PBXNativeTarget;
			buildConfigurationList = A7E142362BF4A87300326FA6 /* Build configuration list for PBXNativeTarget "ImprovingSpacesApp" */;
			buildPhases = (
				A7E142242BF4A87100326FA6 /* Sources */,
				A7E142252BF4A87100326FA6 /* Frameworks */,
				A7E142262BF4A87100326FA6 /* Resources */,
			);
			buildRules = (
			);
			dependencies = (
			);
			name = ImprovingSpacesApp;
			productName = ImprovingSpacesApp;
			productReference = A7E142282BF4A87100326FA6 /* ImprovingSpacesApp.app */;
			productType = "com.apple.product-type.application";
		};
/* End PBXNativeTarget section */

/* Begin PBXProject section */
		A7E142202BF4A87000326FA6 /* Project object */ = {
			isa = PBXProject;
			attributes = {
				BuildIndependentTargetsInParallel = 1;
				LastSwiftUpdateCheck = 1540;
				LastUpgradeCheck = 1540;
				TargetAttributes = {
					A7E142272BF4A87100326FA6 = {
						CreatedOnToolsVersion = 15.4;
					};
				};
			};
			buildConfigurationList = A7E142232BF4A87000326FA6 /* Build configuration list for PBXProject "ImprovingSpacesApp" */;
			compatibilityVersion = "Xcode 14.0";
			developmentRegion = en;
			hasScannedForEncodings = 0;
			knownRegions = (
				en,
				Base,
			);
			mainGroup = A7E1421F2BF4A87000326FA6;
			productRefGroup = A7E142292BF4A87100326FA6 /* Products */;
			projectDirPath = "";
			projectRoot = "";
			targets = (
				A7E142272BF4A87100326FA6 /* ImprovingSpacesApp */,
			);
		};
/* End PBXProject section */

/* Begin PBXResourcesBuildPhase section */
		A7E142262BF4A87100326FA6 /* Resources */ = {
			isa = PBXResourcesBuildPhase;
			buildActionMask = 2147483647;
			files = (
				A7E142332BF4A87300326FA6 /* Preview Assets.xcassets in Resources */,
				A7E142302BF4A87300326FA6 /* Assets.xcassets in Resources */,
			);
			runOnlyForDeploymentPostprocessing = 0;
		};
/* End PBXResourcesBuildPhase section */

/* Begin PBXSourcesBuildPhase section */
		A7E142242BF4A87100326FA6 /* Sources */ = {
			isa = PBXSourcesBuildPhase;
			buildActionMask = 2147483647;
			files = (
				A7E1422E2BF4A87100326FA6 /* ContentView.swift in Sources */,
				A7E1423A2BF4D44F00326FA6 /* MapView.swift in Sources */,
				A77B254A2BF632C900999778 /* LandingView.swift in Sources */,
				A7E1422C2BF4A87100326FA6 /* ImprovingSpacesAppApp.swift in Sources */,
				A7E1423D2BF4F50B00326FA6 /* LocationPermissionManager.swift in Sources */,
				A77B25522BFCA6A400999778 /* HorizontalButton.swift in Sources */,
				A77B25452BF62E6800999778 /* CoreLocation+Extension.swift in Sources */,
				A77B25472BF62ED900999778 /* MapViewModel.swift in Sources */,
				A77B25552BFCB18400999778 /* ReportFormView.swift in Sources */,
				A7C43CAE2BFE300F0043214C /* ImagePicker.swift in Sources */,
				A77B254D2BFC9F5D00999778 /* Color+Extension.swift in Sources */,
				A7C43CAC2BFE2DCA0043214C /* CameraManager.swift in Sources */,
			);
			runOnlyForDeploymentPostprocessing = 0;
		};
/* End PBXSourcesBuildPhase section */

/* Begin XCBuildConfiguration section */
		A7E142342BF4A87300326FA6 /* Debug */ = {
			isa = XCBuildConfiguration;
			buildSettings = {
				ALWAYS_SEARCH_USER_PATHS = NO;
				ASSETCATALOG_COMPILER_GENERATE_SWIFT_ASSET_SYMBOL_EXTENSIONS = YES;
				CLANG_ANALYZER_NONNULL = YES;
				CLANG_ANALYZER_NUMBER_OBJECT_CONVERSION = YES_AGGRESSIVE;
				CLANG_CXX_LANGUAGE_STANDARD = "gnu++20";
				CLANG_ENABLE_MODULES = YES;
				CLANG_ENABLE_OBJC_ARC = YES;
				CLANG_ENABLE_OBJC_WEAK = YES;
				CLANG_WARN_BLOCK_CAPTURE_AUTORELEASING = YES;
				CLANG_WARN_BOOL_CONVERSION = YES;
				CLANG_WARN_COMMA = YES;
				CLANG_WARN_CONSTANT_CONVERSION = YES;
				CLANG_WARN_DEPRECATED_OBJC_IMPLEMENTATIONS = YES;
				CLANG_WARN_DIRECT_OBJC_ISA_USAGE = YES_ERROR;
				CLANG_WARN_DOCUMENTATION_COMMENTS = YES;
				CLANG_WARN_EMPTY_BODY = YES;
				CLANG_WARN_ENUM_CONVERSION = YES;
				CLANG_WARN_INFINITE_RECURSION = YES;
				CLANG_WARN_INT_CONVERSION = YES;
				CLANG_WARN_NON_LITERAL_NULL_CONVERSION = YES;
				CLANG_WARN_OBJC_IMPLICIT_RETAIN_SELF = YES;
				CLANG_WARN_OBJC_LITERAL_CONVERSION = YES;
				CLANG_WARN_OBJC_ROOT_CLASS = YES_ERROR;
				CLANG_WARN_QUOTED_INCLUDE_IN_FRAMEWORK_HEADER = YES;
				CLANG_WARN_RANGE_LOOP_ANALYSIS = YES;
				CLANG_WARN_STRICT_PROTOTYPES = YES;
				CLANG_WARN_SUSPICIOUS_MOVE = YES;
				CLANG_WARN_UNGUARDED_AVAILABILITY = YES_AGGRESSIVE;
				CLANG_WARN_UNREACHABLE_CODE = YES;
				CLANG_WARN__DUPLICATE_METHOD_MATCH = YES;
				COPY_PHASE_STRIP = NO;
				DEBUG_INFORMATION_FORMAT = dwarf;
				ENABLE_STRICT_OBJC_MSGSEND = YES;
				ENABLE_TESTABILITY = YES;
				ENABLE_USER_SCRIPT_SANDBOXING = YES;
				GCC_C_LANGUAGE_STANDARD = gnu17;
				GCC_DYNAMIC_NO_PIC = NO;
				GCC_NO_COMMON_BLOCKS = YES;
				GCC_OPTIMIZATION_LEVEL = 0;
				GCC_PREPROCESSOR_DEFINITIONS = (
					"DEBUG=1",
					"$(inherited)",
				);
				GCC_WARN_64_TO_32_BIT_CONVERSION = YES;
				GCC_WARN_ABOUT_RETURN_TYPE = YES_ERROR;
				GCC_WARN_UNDECLARED_SELECTOR = YES;
				GCC_WARN_UNINITIALIZED_AUTOS = YES_AGGRESSIVE;
				GCC_WARN_UNUSED_FUNCTION = YES;
				GCC_WARN_UNUSED_VARIABLE = YES;
				IPHONEOS_DEPLOYMENT_TARGET = 17.5;
				LOCALIZATION_PREFERS_STRING_CATALOGS = YES;
				MTL_ENABLE_DEBUG_INFO = INCLUDE_SOURCE;
				MTL_FAST_MATH = YES;
				ONLY_ACTIVE_ARCH = YES;
				SDKROOT = iphoneos;
				SWIFT_ACTIVE_COMPILATION_CONDITIONS = "DEBUG $(inherited)";
				SWIFT_OPTIMIZATION_LEVEL = "-Onone";
			};
			name = Debug;
		};
		A7E142352BF4A87300326FA6 /* Release */ = {
			isa = XCBuildConfiguration;
			buildSettings = {
				ALWAYS_SEARCH_USER_PATHS = NO;
				ASSETCATALOG_COMPILER_GENERATE_SWIFT_ASSET_SYMBOL_EXTENSIONS = YES;
				CLANG_ANALYZER_NONNULL = YES;
				CLANG_ANALYZER_NUMBER_OBJECT_CONVERSION = YES_AGGRESSIVE;
				CLANG_CXX_LANGUAGE_STANDARD = "gnu++20";
				CLANG_ENABLE_MODULES = YES;
				CLANG_ENABLE_OBJC_ARC = YES;
				CLANG_ENABLE_OBJC_WEAK = YES;
				CLANG_WARN_BLOCK_CAPTURE_AUTORELEASING = YES;
				CLANG_WARN_BOOL_CONVERSION = YES;
				CLANG_WARN_COMMA = YES;
				CLANG_WARN_CONSTANT_CONVERSION = YES;
				CLANG_WARN_DEPRECATED_OBJC_IMPLEMENTATIONS = YES;
				CLANG_WARN_DIRECT_OBJC_ISA_USAGE = YES_ERROR;
				CLANG_WARN_DOCUMENTATION_COMMENTS = YES;
				CLANG_WARN_EMPTY_BODY = YES;
				CLANG_WARN_ENUM_CONVERSION = YES;
				CLANG_WARN_INFINITE_RECURSION = YES;
				CLANG_WARN_INT_CONVERSION = YES;
				CLANG_WARN_NON_LITERAL_NULL_CONVERSION = YES;
				CLANG_WARN_OBJC_IMPLICIT_RETAIN_SELF = YES;
				CLANG_WARN_OBJC_LITERAL_CONVERSION = YES;
				CLANG_WARN_OBJC_ROOT_CLASS = YES_ERROR;
				CLANG_WARN_QUOTED_INCLUDE_IN_FRAMEWORK_HEADER = YES;
				CLANG_WARN_RANGE_LOOP_ANALYSIS = YES;
				CLANG_WARN_STRICT_PROTOTYPES = YES;
				CLANG_WARN_SUSPICIOUS_MOVE = YES;
				CLANG_WARN_UNGUARDED_AVAILABILITY = YES_AGGRESSIVE;
				CLANG_WARN_UNREACHABLE_CODE = YES;
				CLANG_WARN__DUPLICATE_METHOD_MATCH = YES;
				COPY_PHASE_STRIP = NO;
				DEBUG_INFORMATION_FORMAT = "dwarf-with-dsym";
				ENABLE_NS_ASSERTIONS = NO;
				ENABLE_STRICT_OBJC_MSGSEND = YES;
				ENABLE_USER_SCRIPT_SANDBOXING = YES;
				GCC_C_LANGUAGE_STANDARD = gnu17;
				GCC_NO_COMMON_BLOCKS = YES;
				GCC_WARN_64_TO_32_BIT_CONVERSION = YES;
				GCC_WARN_ABOUT_RETURN_TYPE = YES_ERROR;
				GCC_WARN_UNDECLARED_SELECTOR = YES;
				GCC_WARN_UNINITIALIZED_AUTOS = YES_AGGRESSIVE;
				GCC_WARN_UNUSED_FUNCTION = YES;
				GCC_WARN_UNUSED_VARIABLE = YES;
				IPHONEOS_DEPLOYMENT_TARGET = 17.5;
				LOCALIZATION_PREFERS_STRING_CATALOGS = YES;
				MTL_ENABLE_DEBUG_INFO = NO;
				MTL_FAST_MATH = YES;
				SDKROOT = iphoneos;
				SWIFT_COMPILATION_MODE = wholemodule;
				SWIFT_OPTIMIZATION_LEVEL = "-Onone";
				VALIDATE_PRODUCT = YES;
			};
			name = Release;
		};
		A7E142372BF4A87300326FA6 /* Debug */ = {
			isa = XCBuildConfiguration;
			buildSettings = {
				ASSETCATALOG_COMPILER_APPICON_NAME = AppIcon;
				ASSETCATALOG_COMPILER_GLOBAL_ACCENT_COLOR_NAME = AccentColor;
				CODE_SIGN_STYLE = Automatic;
				CURRENT_PROJECT_VERSION = 1;
				DEVELOPMENT_ASSET_PATHS = "\"ImprovingSpacesApp/Preview Content\"";
				DEVELOPMENT_TEAM = F3Y5649G7F;
				ENABLE_PREVIEWS = YES;
				GENERATE_INFOPLIST_FILE = YES;
				INFOPLIST_KEY_CFBundleDisplayName = "";
				INFOPLIST_KEY_NSCameraUsageDescription = "Permitenos acceder a la cámara para tomar fotos y videos y reportar correctamente tus incidentes";
				INFOPLIST_KEY_NSLocationAlwaysAndWhenInUseUsageDescription = "Para mejorar la precisión de tus  reportes necesitamos acceder a tu ubicación mientras utilizas la aplicación. Tu ubicación se utilizará únicamente con fines relacionados con la funcionalidad de la aplicación y no será compartida con terceros.";
				INFOPLIST_KEY_NSLocationAlwaysUsageDescription = "Para mejorar la precisión de tus  reportes necesitamos acceder a tu ubicación mientras utilizas la aplicación. Tu ubicación se utilizará únicamente con fines relacionados con la funcionalidad de la aplicación y no será compartida con terceros.";
				INFOPLIST_KEY_NSLocationTemporaryUsageDescriptionDictionary = "Para mejorar la precisión de tus  reportes necesitamos acceder a tu ubicación mientras utilizas la aplicación. Tu ubicación se utilizará únicamente con fines relacionados con la funcionalidad de la aplicación y no será compartida con terceros.";
				INFOPLIST_KEY_NSLocationUsageDescription = "Para mejorar la precisión de tus  reportes necesitamos acceder a tu ubicación mientras utilizas la aplicación. Tu ubicación se utilizará únicamente con fines relacionados con la funcionalidad de la aplicación y no será compartida con terceros.";
				INFOPLIST_KEY_NSLocationWhenInUseUsageDescription = "Para mejorar la precisión de tus  reportes necesitamos acceder a tu ubicación mientras utilizas la aplicación. Tu ubicación se utilizará únicamente con fines relacionados con la funcionalidad de la aplicación y no será compartida con terceros.";
				INFOPLIST_KEY_UIApplicationSceneManifest_Generation = YES;
				INFOPLIST_KEY_UIApplicationSupportsIndirectInputEvents = YES;
				INFOPLIST_KEY_UILaunchScreen_Generation = YES;
				INFOPLIST_KEY_UISupportedInterfaceOrientations_iPad = "UIInterfaceOrientationPortrait UIInterfaceOrientationPortraitUpsideDown UIInterfaceOrientationLandscapeLeft UIInterfaceOrientationLandscapeRight";
				INFOPLIST_KEY_UISupportedInterfaceOrientations_iPhone = "UIInterfaceOrientationPortrait UIInterfaceOrientationLandscapeLeft UIInterfaceOrientationLandscapeRight";
				IPHONEOS_DEPLOYMENT_TARGET = 17.0;
				LD_RUNPATH_SEARCH_PATHS = (
					"$(inherited)",
					"@executable_path/Frameworks",
				);
				MARKETING_VERSION = 1.0;
				PRODUCT_BUNDLE_IDENTIFIER = ios.silvia.ImprovingSpacesApp;
				PRODUCT_NAME = "$(TARGET_NAME)";
				SWIFT_EMIT_LOC_STRINGS = YES;
				SWIFT_VERSION = 5.0;
				TARGETED_DEVICE_FAMILY = "1,2";
			};
			name = Debug;
		};
		A7E142382BF4A87300326FA6 /* Release */ = {
			isa = XCBuildConfiguration;
			buildSettings = {
				ASSETCATALOG_COMPILER_APPICON_NAME = AppIcon;
				ASSETCATALOG_COMPILER_GLOBAL_ACCENT_COLOR_NAME = AccentColor;
				CODE_SIGN_STYLE = Automatic;
				CURRENT_PROJECT_VERSION = 1;
				DEVELOPMENT_ASSET_PATHS = "\"ImprovingSpacesApp/Preview Content\"";
				DEVELOPMENT_TEAM = F3Y5649G7F;
				ENABLE_PREVIEWS = YES;
				GENERATE_INFOPLIST_FILE = YES;
				INFOPLIST_KEY_CFBundleDisplayName = "";
				INFOPLIST_KEY_NSCameraUsageDescription = "Permitenos acceder a la cámara para tomar fotos y videos y reportar correctamente tus incidentes";
				INFOPLIST_KEY_NSLocationAlwaysAndWhenInUseUsageDescription = "Para mejorar la precisión de tus  reportes necesitamos acceder a tu ubicación mientras utilizas la aplicación. Tu ubicación se utilizará únicamente con fines relacionados con la funcionalidad de la aplicación y no será compartida con terceros.";
				INFOPLIST_KEY_NSLocationAlwaysUsageDescription = "Para mejorar la precisión de tus  reportes necesitamos acceder a tu ubicación mientras utilizas la aplicación. Tu ubicación se utilizará únicamente con fines relacionados con la funcionalidad de la aplicación y no será compartida con terceros.";
				INFOPLIST_KEY_NSLocationTemporaryUsageDescriptionDictionary = "Para mejorar la precisión de tus  reportes necesitamos acceder a tu ubicación mientras utilizas la aplicación. Tu ubicación se utilizará únicamente con fines relacionados con la funcionalidad de la aplicación y no será compartida con terceros.";
				INFOPLIST_KEY_NSLocationUsageDescription = "Para mejorar la precisión de tus  reportes necesitamos acceder a tu ubicación mientras utilizas la aplicación. Tu ubicación se utilizará únicamente con fines relacionados con la funcionalidad de la aplicación y no será compartida con terceros.";
				INFOPLIST_KEY_NSLocationWhenInUseUsageDescription = "Para mejorar la precisión de tus  reportes necesitamos acceder a tu ubicación mientras utilizas la aplicación. Tu ubicación se utilizará únicamente con fines relacionados con la funcionalidad de la aplicación y no será compartida con terceros.";
				INFOPLIST_KEY_UIApplicationSceneManifest_Generation = YES;
				INFOPLIST_KEY_UIApplicationSupportsIndirectInputEvents = YES;
				INFOPLIST_KEY_UILaunchScreen_Generation = YES;
				INFOPLIST_KEY_UISupportedInterfaceOrientations_iPad = "UIInterfaceOrientationPortrait UIInterfaceOrientationPortraitUpsideDown UIInterfaceOrientationLandscapeLeft UIInterfaceOrientationLandscapeRight";
				INFOPLIST_KEY_UISupportedInterfaceOrientations_iPhone = "UIInterfaceOrientationPortrait UIInterfaceOrientationLandscapeLeft UIInterfaceOrientationLandscapeRight";
				IPHONEOS_DEPLOYMENT_TARGET = 17.0;
				LD_RUNPATH_SEARCH_PATHS = (
					"$(inherited)",
					"@executable_path/Frameworks",
				);
				MARKETING_VERSION = 1.0;
				PRODUCT_BUNDLE_IDENTIFIER = ios.silvia.ImprovingSpacesApp;
				PRODUCT_NAME = "$(TARGET_NAME)";
				SWIFT_EMIT_LOC_STRINGS = YES;
				SWIFT_VERSION = 5.0;
				TARGETED_DEVICE_FAMILY = "1,2";
			};
			name = Release;
		};
/* End XCBuildConfiguration section */

/* Begin XCConfigurationList section */
		A7E142232BF4A87000326FA6 /* Build configuration list for PBXProject "ImprovingSpacesApp" */ = {
			isa = XCConfigurationList;
			buildConfigurations = (
				A7E142342BF4A87300326FA6 /* Debug */,
				A7E142352BF4A87300326FA6 /* Release */,
			);
			defaultConfigurationIsVisible = 0;
			defaultConfigurationName = Release;
		};
		A7E142362BF4A87300326FA6 /* Build configuration list for PBXNativeTarget "ImprovingSpacesApp" */ = {
			isa = XCConfigurationList;
			buildConfigurations = (
				A7E142372BF4A87300326FA6 /* Debug */,
				A7E142382BF4A87300326FA6 /* Release */,
			);
			defaultConfigurationIsVisible = 0;
			defaultConfigurationName = Release;
		};
/* End XCConfigurationList section */
	};
	rootObject = A7E142202BF4A87000326FA6 /* Project object */;
}
